// !$*UTF8*$!
{
	archiveVersion = 1;
	classes = {
	};
	objectVersion = 50;
	objects = {

/* Begin PBXBuildFile section */
		9C70824A2567D69200A79D32 /* AppDelegate.swift in Sources */ = {isa = PBXBuildFile; fileRef = 9C7082492567D69200A79D32 /* AppDelegate.swift */; };
		9C70824C2567D69200A79D32 /* SceneDelegate.swift in Sources */ = {isa = PBXBuildFile; fileRef = 9C70824B2567D69200A79D32 /* SceneDelegate.swift */; };
		9C70824E2567D69200A79D32 /* ViewController.swift in Sources */ = {isa = PBXBuildFile; fileRef = 9C70824D2567D69200A79D32 /* ViewController.swift */; };
		9C7082512567D69200A79D32 /* Main.storyboard in Resources */ = {isa = PBXBuildFile; fileRef = 9C70824F2567D69200A79D32 /* Main.storyboard */; };
		9C7082542567D69200A79D32 /* iCheck.xcdatamodeld in Sources */ = {isa = PBXBuildFile; fileRef = 9C7082522567D69200A79D32 /* iCheck.xcdatamodeld */; };
		9C7082562567D69500A79D32 /* Assets.xcassets in Resources */ = {isa = PBXBuildFile; fileRef = 9C7082552567D69500A79D32 /* Assets.xcassets */; };
		9C7082592567D69500A79D32 /* LaunchScreen.storyboard in Resources */ = {isa = PBXBuildFile; fileRef = 9C7082572567D69500A79D32 /* LaunchScreen.storyboard */; };
		9C7082642567D69500A79D32 /* iCheckTests.swift in Sources */ = {isa = PBXBuildFile; fileRef = 9C7082632567D69500A79D32 /* iCheckTests.swift */; };
		9C70826F2567D69500A79D32 /* iCheckUITests.swift in Sources */ = {isa = PBXBuildFile; fileRef = 9C70826E2567D69500A79D32 /* iCheckUITests.swift */; };
/* End PBXBuildFile section */

/* Begin PBXContainerItemProxy section */
		9C7082602567D69500A79D32 /* PBXContainerItemProxy */ = {
			isa = PBXContainerItemProxy;
			containerPortal = 9C70823E2567D69200A79D32 /* Project object */;
			proxyType = 1;
			remoteGlobalIDString = 9C7082452567D69200A79D32;
			remoteInfo = iCheck;
		};
		9C70826B2567D69500A79D32 /* PBXContainerItemProxy */ = {
			isa = PBXContainerItemProxy;
			containerPortal = 9C70823E2567D69200A79D32 /* Project object */;
			proxyType = 1;
			remoteGlobalIDString = 9C7082452567D69200A79D32;
			remoteInfo = iCheck;
		};
/* End PBXContainerItemProxy section */

/* Begin PBXFileReference section */
		9C7082462567D69200A79D32 /* iCheck.app */ = {isa = PBXFileReference; explicitFileType = wrapper.application; includeInIndex = 0; path = iCheck.app; sourceTree = BUILT_PRODUCTS_DIR; };
		9C7082492567D69200A79D32 /* AppDelegate.swift */ = {isa = PBXFileReference; lastKnownFileType = sourcecode.swift; path = AppDelegate.swift; sourceTree = "<group>"; };
		9C70824B2567D69200A79D32 /* SceneDelegate.swift */ = {isa = PBXFileReference; lastKnownFileType = sourcecode.swift; path = SceneDelegate.swift; sourceTree = "<group>"; };
		9C70824D2567D69200A79D32 /* ViewController.swift */ = {isa = PBXFileReference; lastKnownFileType = sourcecode.swift; path = ViewController.swift; sourceTree = "<group>"; };
		9C7082502567D69200A79D32 /* Base */ = {isa = PBXFileReference; lastKnownFileType = file.storyboard; name = Base; path = Base.lproj/Main.storyboard; sourceTree = "<group>"; };
		9C7082532567D69200A79D32 /* iCheck.xcdatamodel */ = {isa = PBXFileReference; lastKnownFileType = wrapper.xcdatamodel; path = iCheck.xcdatamodel; sourceTree = "<group>"; };
		9C7082552567D69500A79D32 /* Assets.xcassets */ = {isa = PBXFileReference; lastKnownFileType = folder.assetcatalog; path = Assets.xcassets; sourceTree = "<group>"; };
		9C7082582567D69500A79D32 /* Base */ = {isa = PBXFileReference; lastKnownFileType = file.storyboard; name = Base; path = Base.lproj/LaunchScreen.storyboard; sourceTree = "<group>"; };
		9C70825A2567D69500A79D32 /* Info.plist */ = {isa = PBXFileReference; lastKnownFileType = text.plist.xml; path = Info.plist; sourceTree = "<group>"; };
		9C70825F2567D69500A79D32 /* iCheckTests.xctest */ = {isa = PBXFileReference; explicitFileType = wrapper.cfbundle; includeInIndex = 0; path = iCheckTests.xctest; sourceTree = BUILT_PRODUCTS_DIR; };
		9C7082632567D69500A79D32 /* iCheckTests.swift */ = {isa = PBXFileReference; lastKnownFileType = sourcecode.swift; path = iCheckTests.swift; sourceTree = "<group>"; };
		9C7082652567D69500A79D32 /* Info.plist */ = {isa = PBXFileReference; lastKnownFileType = text.plist.xml; path = Info.plist; sourceTree = "<group>"; };
		9C70826A2567D69500A79D32 /* iCheckUITests.xctest */ = {isa = PBXFileReference; explicitFileType = wrapper.cfbundle; includeInIndex = 0; path = iCheckUITests.xctest; sourceTree = BUILT_PRODUCTS_DIR; };
		9C70826E2567D69500A79D32 /* iCheckUITests.swift */ = {isa = PBXFileReference; lastKnownFileType = sourcecode.swift; path = iCheckUITests.swift; sourceTree = "<group>"; };
		9C7082702567D69500A79D32 /* Info.plist */ = {isa = PBXFileReference; lastKnownFileType = text.plist.xml; path = Info.plist; sourceTree = "<group>"; };
/* End PBXFileReference section */

/* Begin PBXFrameworksBuildPhase section */
		9C7082432567D69200A79D32 /* Frameworks */ = {
			isa = PBXFrameworksBuildPhase;
			buildActionMask = 2147483647;
			files = (
			);
			runOnlyForDeploymentPostprocessing = 0;
		};
		9C70825C2567D69500A79D32 /* Frameworks */ = {
			isa = PBXFrameworksBuildPhase;
			buildActionMask = 2147483647;
			files = (
			);
			runOnlyForDeploymentPostprocessing = 0;
		};
		9C7082672567D69500A79D32 /* Frameworks */ = {
			isa = PBXFrameworksBuildPhase;
			buildActionMask = 2147483647;
			files = (
			);
			runOnlyForDeploymentPostprocessing = 0;
		};
/* End PBXFrameworksBuildPhase section */

/* Begin PBXGroup section */
		9C70823D2567D69200A79D32 = {
			isa = PBXGroup;
			children = (
				9C7082482567D69200A79D32 /* iCheck */,
				9C7082622567D69500A79D32 /* iCheckTests */,
				9C70826D2567D69500A79D32 /* iCheckUITests */,
				9C7082472567D69200A79D32 /* Products */,
			);
			sourceTree = "<group>";
		};
		9C7082472567D69200A79D32 /* Products */ = {
			isa = PBXGroup;
			children = (
				9C7082462567D69200A79D32 /* iCheck.app */,
				9C70825F2567D69500A79D32 /* iCheckTests.xctest */,
				9C70826A2567D69500A79D32 /* iCheckUITests.xctest */,
			);
			name = Products;
			sourceTree = "<group>";
		};
		9C7082482567D69200A79D32 /* iCheck */ = {
			isa = PBXGroup;
			children = (
				9C7082492567D69200A79D32 /* AppDelegate.swift */,
				9C70824B2567D69200A79D32 /* SceneDelegate.swift */,
				9C70824D2567D69200A79D32 /* ViewController.swift */,
				9C70824F2567D69200A79D32 /* Main.storyboard */,
				9C7082552567D69500A79D32 /* Assets.xcassets */,
				9C7082572567D69500A79D32 /* LaunchScreen.storyboard */,
				9C70825A2567D69500A79D32 /* Info.plist */,
				9C7082522567D69200A79D32 /* iCheck.xcdatamodeld */,
			);
			path = iCheck;
			sourceTree = "<group>";
		};
		9C7082622567D69500A79D32 /* iCheckTests */ = {
			isa = PBXGroup;
			children = (
				9C7082632567D69500A79D32 /* iCheckTests.swift */,
				9C7082652567D69500A79D32 /* Info.plist */,
			);
			path = iCheckTests;
			sourceTree = "<group>";
		};
		9C70826D2567D69500A79D32 /* iCheckUITests */ = {
			isa = PBXGroup;
			children = (
				9C70826E2567D69500A79D32 /* iCheckUITests.swift */,
				9C7082702567D69500A79D32 /* Info.plist */,
			);
			path = iCheckUITests;
			sourceTree = "<group>";
		};
/* End PBXGroup section */

/* Begin PBXNativeTarget section */
		9C7082452567D69200A79D32 /* iCheck */ = {
			isa = PBXNativeTarget;
			buildConfigurationList = 9C7082732567D69500A79D32 /* Build configuration list for PBXNativeTarget "iCheck" */;
			buildPhases = (
				9C7082422567D69200A79D32 /* Sources */,
				9C7082432567D69200A79D32 /* Frameworks */,
				9C7082442567D69200A79D32 /* Resources */,
			);
			buildRules = (
			);
			dependencies = (
			);
			name = iCheck;
			productName = iCheck;
			productReference = 9C7082462567D69200A79D32 /* iCheck.app */;
			productType = "com.apple.product-type.application";
		};
		9C70825E2567D69500A79D32 /* iCheckTests */ = {
			isa = PBXNativeTarget;
			buildConfigurationList = 9C7082762567D69500A79D32 /* Build configuration list for PBXNativeTarget "iCheckTests" */;
			buildPhases = (
				9C70825B2567D69500A79D32 /* Sources */,
				9C70825C2567D69500A79D32 /* Frameworks */,
				9C70825D2567D69500A79D32 /* Resources */,
			);
			buildRules = (
			);
			dependencies = (
				9C7082612567D69500A79D32 /* PBXTargetDependency */,
			);
			name = iCheckTests;
			productName = iCheckTests;
			productReference = 9C70825F2567D69500A79D32 /* iCheckTests.xctest */;
			productType = "com.apple.product-type.bundle.unit-test";
		};
		9C7082692567D69500A79D32 /* iCheckUITests */ = {
			isa = PBXNativeTarget;
			buildConfigurationList = 9C7082792567D69500A79D32 /* Build configuration list for PBXNativeTarget "iCheckUITests" */;
			buildPhases = (
				9C7082662567D69500A79D32 /* Sources */,
				9C7082672567D69500A79D32 /* Frameworks */,
				9C7082682567D69500A79D32 /* Resources */,
			);
			buildRules = (
			);
			dependencies = (
				9C70826C2567D69500A79D32 /* PBXTargetDependency */,
			);
			name = iCheckUITests;
			productName = iCheckUITests;
			productReference = 9C70826A2567D69500A79D32 /* iCheckUITests.xctest */;
			productType = "com.apple.product-type.bundle.ui-testing";
		};
/* End PBXNativeTarget section */

/* Begin PBXProject section */
		9C70823E2567D69200A79D32 /* Project object */ = {
			isa = PBXProject;
			attributes = {
				LastSwiftUpdateCheck = 1200;
				LastUpgradeCheck = 1200;
				TargetAttributes = {
					9C7082452567D69200A79D32 = {
						CreatedOnToolsVersion = 12.0;
					};
					9C70825E2567D69500A79D32 = {
						CreatedOnToolsVersion = 12.0;
						TestTargetID = 9C7082452567D69200A79D32;
					};
					9C7082692567D69500A79D32 = {
						CreatedOnToolsVersion = 12.0;
						TestTargetID = 9C7082452567D69200A79D32;
					};
				};
			};
			buildConfigurationList = 9C7082412567D69200A79D32 /* Build configuration list for PBXProject "iCheck" */;
			compatibilityVersion = "Xcode 9.3";
			developmentRegion = en;
			hasScannedForEncodings = 0;
			knownRegions = (
				en,
				Base,
			);
			mainGroup = 9C70823D2567D69200A79D32;
			productRefGroup = 9C7082472567D69200A79D32 /* Products */;
			projectDirPath = "";
			projectRoot = "";
			targets = (
				9C7082452567D69200A79D32 /* iCheck */,
				9C70825E2567D69500A79D32 /* iCheckTests */,
				9C7082692567D69500A79D32 /* iCheckUITests */,
			);
		};
/* End PBXProject section */

/* Begin PBXResourcesBuildPhase section */
		9C7082442567D69200A79D32 /* Resources */ = {
			isa = PBXResourcesBuildPhase;
			buildActionMask = 2147483647;
			files = (
				9C7082592567D69500A79D32 /* LaunchScreen.storyboard in Resources */,
				9C7082562567D69500A79D32 /* Assets.xcassets in Resources */,
				9C7082512567D69200A79D32 /* Main.storyboard in Resources */,
			);
			runOnlyForDeploymentPostprocessing = 0;
		};
		9C70825D2567D69500A79D32 /* Resources */ = {
			isa = PBXResourcesBuildPhase;
			buildActionMask = 2147483647;
			files = (
			);
			runOnlyForDeploymentPostprocessing = 0;
		};
		9C7082682567D69500A79D32 /* Resources */ = {
			isa = PBXResourcesBuildPhase;
			buildActionMask = 2147483647;
			files = (
			);
			runOnlyForDeploymentPostprocessing = 0;
		};
/* End PBXResourcesBuildPhase section */

/* Begin PBXSourcesBuildPhase section */
		9C7082422567D69200A79D32 /* Sources */ = {
			isa = PBXSourcesBuildPhase;
			buildActionMask = 2147483647;
			files = (
				9C70824E2567D69200A79D32 /* ViewController.swift in Sources */,
				9C70824A2567D69200A79D32 /* AppDelegate.swift in Sources */,
				9C7082542567D69200A79D32 /* iCheck.xcdatamodeld in Sources */,
				9C70824C2567D69200A79D32 /* SceneDelegate.swift in Sources */,
			);
			runOnlyForDeploymentPostprocessing = 0;
		};
		9C70825B2567D69500A79D32 /* Sources */ = {
			isa = PBXSourcesBuildPhase;
			buildActionMask = 2147483647;
			files = (
				9C7082642567D69500A79D32 /* iCheckTests.swift in Sources */,
			);
			runOnlyForDeploymentPostprocessing = 0;
		};
		9C7082662567D69500A79D32 /* Sources */ = {
			isa = PBXSourcesBuildPhase;
			buildActionMask = 2147483647;
			files = (
				9C70826F2567D69500A79D32 /* iCheckUITests.swift in Sources */,
			);
			runOnlyForDeploymentPostprocessing = 0;
		};
/* End PBXSourcesBuildPhase section */

/* Begin PBXTargetDependency section */
		9C7082612567D69500A79D32 /* PBXTargetDependency */ = {
			isa = PBXTargetDependency;
			target = 9C7082452567D69200A79D32 /* iCheck */;
			targetProxy = 9C7082602567D69500A79D32 /* PBXContainerItemProxy */;
		};
		9C70826C2567D69500A79D32 /* PBXTargetDependency */ = {
			isa = PBXTargetDependency;
			target = 9C7082452567D69200A79D32 /* iCheck */;
			targetProxy = 9C70826B2567D69500A79D32 /* PBXContainerItemProxy */;
		};
/* End PBXTargetDependency section */

/* Begin PBXVariantGroup section */
		9C70824F2567D69200A79D32 /* Main.storyboard */ = {
			isa = PBXVariantGroup;
			children = (
				9C7082502567D69200A79D32 /* Base */,
			);
			name = Main.storyboard;
			sourceTree = "<group>";
		};
		9C7082572567D69500A79D32 /* LaunchScreen.storyboard */ = {
			isa = PBXVariantGroup;
			children = (
				9C7082582567D69500A79D32 /* Base */,
			);
			name = LaunchScreen.storyboard;
			sourceTree = "<group>";
		};
/* End PBXVariantGroup section */

/* Begin XCBuildConfiguration section */
		9C7082712567D69500A79D32 /* Debug */ = {
			isa = XCBuildConfiguration;
			buildSettings = {
				ALWAYS_SEARCH_USER_PATHS = NO;
				CLANG_ANALYZER_NONNULL = YES;
				CLANG_ANALYZER_NUMBER_OBJECT_CONVERSION = YES_AGGRESSIVE;
				CLANG_CXX_LANGUAGE_STANDARD = "gnu++14";
				CLANG_CXX_LIBRARY = "libc++";
				CLANG_ENABLE_MODULES = YES;
				CLANG_ENABLE_OBJC_ARC = YES;
				CLANG_ENABLE_OBJC_WEAK = YES;
				CLANG_WARN_BLOCK_CAPTURE_AUTORELEASING = YES;
				CLANG_WARN_BOOL_CONVERSION = YES;
				CLANG_WARN_COMMA = YES;
				CLANG_WARN_CONSTANT_CONVERSION = YES;
				CLANG_WARN_DEPRECATED_OBJC_IMPLEMENTATIONS = YES;
				CLANG_WARN_DIRECT_OBJC_ISA_USAGE = YES_ERROR;
				CLANG_WARN_DOCUMENTATION_COMMENTS = YES;
				CLANG_WARN_EMPTY_BODY = YES;
				CLANG_WARN_ENUM_CONVERSION = YES;
				CLANG_WARN_INFINITE_RECURSION = YES;
				CLANG_WARN_INT_CONVERSION = YES;
				CLANG_WARN_NON_LITERAL_NULL_CONVERSION = YES;
				CLANG_WARN_OBJC_IMPLICIT_RETAIN_SELF = YES;
				CLANG_WARN_OBJC_LITERAL_CONVERSION = YES;
				CLANG_WARN_OBJC_ROOT_CLASS = YES_ERROR;
				CLANG_WARN_QUOTED_INCLUDE_IN_FRAMEWORK_HEADER = YES;
				CLANG_WARN_RANGE_LOOP_ANALYSIS = YES;
				CLANG_WARN_STRICT_PROTOTYPES = YES;
				CLANG_WARN_SUSPICIOUS_MOVE = YES;
				CLANG_WARN_UNGUARDED_AVAILABILITY = YES_AGGRESSIVE;
				CLANG_WARN_UNREACHABLE_CODE = YES;
				CLANG_WARN__DUPLICATE_METHOD_MATCH = YES;
				COPY_PHASE_STRIP = NO;
				DEBUG_INFORMATION_FORMAT = dwarf;
				ENABLE_STRICT_OBJC_MSGSEND = YES;
				ENABLE_TESTABILITY = YES;
				GCC_C_LANGUAGE_STANDARD = gnu11;
				GCC_DYNAMIC_NO_PIC = NO;
				GCC_NO_COMMON_BLOCKS = YES;
				GCC_OPTIMIZATION_LEVEL = 0;
				GCC_PREPROCESSOR_DEFINITIONS = (
					"DEBUG=1",
					"$(inherited)",
				);
				GCC_WARN_64_TO_32_BIT_CONVERSION = YES;
				GCC_WARN_ABOUT_RETURN_TYPE = YES_ERROR;
				GCC_WARN_UNDECLARED_SELECTOR = YES;
				GCC_WARN_UNINITIALIZED_AUTOS = YES_AGGRESSIVE;
				GCC_WARN_UNUSED_FUNCTION = YES;
				GCC_WARN_UNUSED_VARIABLE = YES;
				IPHONEOS_DEPLOYMENT_TARGET = 14.0;
				MTL_ENABLE_DEBUG_INFO = INCLUDE_SOURCE;
				MTL_FAST_MATH = YES;
				ONLY_ACTIVE_ARCH = YES;
				SDKROOT = iphoneos;
				SWIFT_ACTIVE_COMPILATION_CONDITIONS = DEBUG;
				SWIFT_OPTIMIZATION_LEVEL = "-Onone";
			};
			name = Debug;
		};
		9C7082722567D69500A79D32 /* Release */ = {
			isa = XCBuildConfiguration;
			buildSettings = {
				ALWAYS_SEARCH_USER_PATHS = NO;
				CLANG_ANALYZER_NONNULL = YES;
				CLANG_ANALYZER_NUMBER_OBJECT_CONVERSION = YES_AGGRESSIVE;
				CLANG_CXX_LANGUAGE_STANDARD = "gnu++14";
				CLANG_CXX_LIBRARY = "libc++";
				CLANG_ENABLE_MODULES = YES;
				CLANG_ENABLE_OBJC_ARC = YES;
				CLANG_ENABLE_OBJC_WEAK = YES;
				CLANG_WARN_BLOCK_CAPTURE_AUTORELEASING = YES;
				CLANG_WARN_BOOL_CONVERSION = YES;
				CLANG_WARN_COMMA = YES;
				CLANG_WARN_CONSTANT_CONVERSION = YES;
				CLANG_WARN_DEPRECATED_OBJC_IMPLEMENTATIONS = YES;
				CLANG_WARN_DIRECT_OBJC_ISA_USAGE = YES_ERROR;
				CLANG_WARN_DOCUMENTATION_COMMENTS = YES;
				CLANG_WARN_EMPTY_BODY = YES;
				CLANG_WARN_ENUM_CONVERSION = YES;
				CLANG_WARN_INFINITE_RECURSION = YES;
				CLANG_WARN_INT_CONVERSION = YES;
				CLANG_WARN_NON_LITERAL_NULL_CONVERSION = YES;
				CLANG_WARN_OBJC_IMPLICIT_RETAIN_SELF = YES;
				CLANG_WARN_OBJC_LITERAL_CONVERSION = YES;
				CLANG_WARN_OBJC_ROOT_CLASS = YES_ERROR;
				CLANG_WARN_QUOTED_INCLUDE_IN_FRAMEWORK_HEADER = YES;
				CLANG_WARN_RANGE_LOOP_ANALYSIS = YES;
				CLANG_WARN_STRICT_PROTOTYPES = YES;
				CLANG_WARN_SUSPICIOUS_MOVE = YES;
				CLANG_WARN_UNGUARDED_AVAILABILITY = YES_AGGRESSIVE;
				CLANG_WARN_UNREACHABLE_CODE = YES;
				CLANG_WARN__DUPLICATE_METHOD_MATCH = YES;
				COPY_PHASE_STRIP = NO;
				DEBUG_INFORMATION_FORMAT = "dwarf-with-dsym";
				ENABLE_NS_ASSERTIONS = NO;
				ENABLE_STRICT_OBJC_MSGSEND = YES;
				GCC_C_LANGUAGE_STANDARD = gnu11;
				GCC_NO_COMMON_BLOCKS = YES;
				GCC_WARN_64_TO_32_BIT_CONVERSION = YES;
				GCC_WARN_ABOUT_RETURN_TYPE = YES_ERROR;
				GCC_WARN_UNDECLARED_SELECTOR = YES;
				GCC_WARN_UNINITIALIZED_AUTOS = YES_AGGRESSIVE;
				GCC_WARN_UNUSED_FUNCTION = YES;
				GCC_WARN_UNUSED_VARIABLE = YES;
				IPHONEOS_DEPLOYMENT_TARGET = 14.0;
				MTL_ENABLE_DEBUG_INFO = NO;
				MTL_FAST_MATH = YES;
				SDKROOT = iphoneos;
				SWIFT_COMPILATION_MODE = wholemodule;
				SWIFT_OPTIMIZATION_LEVEL = "-O";
				VALIDATE_PRODUCT = YES;
			};
			name = Release;
		};
		9C7082742567D69500A79D32 /* Debug */ = {
			isa = XCBuildConfiguration;
			buildSettings = {
				ASSETCATALOG_COMPILER_APPICON_NAME = AppIcon;
				ASSETCATALOG_COMPILER_GLOBAL_ACCENT_COLOR_NAME = AccentColor;
				CODE_SIGN_STYLE = Automatic;
				DEVELOPMENT_TEAM = 34TJ32VGF9;
				INFOPLIST_FILE = iCheck/Info.plist;
				LD_RUNPATH_SEARCH_PATHS = (
					"$(inherited)",
					"@executable_path/Frameworks",
				);
				PRODUCT_BUNDLE_IDENTIFIER = Spark.iCheck;
				PRODUCT_NAME = "$(TARGET_NAME)";
				SWIFT_VERSION = 5.0;
				TARGETED_DEVICE_FAMILY = "1,2";
			};
			name = Debug;
		};
		9C7082752567D69500A79D32 /* Release */ = {
			isa = XCBuildConfiguration;
			buildSettings = {
				ASSETCATALOG_COMPILER_APPICON_NAME = AppIcon;
				ASSETCATALOG_COMPILER_GLOBAL_ACCENT_COLOR_NAME = AccentColor;
				CODE_SIGN_STYLE = Automatic;
				DEVELOPMENT_TEAM = 34TJ32VGF9;
				INFOPLIST_FILE = iCheck/Info.plist;
				LD_RUNPATH_SEARCH_PATHS = (
					"$(inherited)",
					"@executable_path/Frameworks",
				);
				PRODUCT_BUNDLE_IDENTIFIER = Spark.iCheck;
				PRODUCT_NAME = "$(TARGET_NAME)";
				SWIFT_VERSION = 5.0;
				TARGETED_DEVICE_FAMILY = "1,2";
			};
			name = Release;
		};
		9C7082772567D69500A79D32 /* Debug */ = {
			isa = XCBuildConfiguration;
			buildSettings = {
				ALWAYS_EMBED_SWIFT_STANDARD_LIBRARIES = YES;
				BUNDLE_LOADER = "$(TEST_HOST)";
				CODE_SIGN_STYLE = Automatic;
				DEVELOPMENT_TEAM = 34TJ32VGF9;
				INFOPLIST_FILE = iCheckTests/Info.plist;
				IPHONEOS_DEPLOYMENT_TARGET = 14.0;
				LD_RUNPATH_SEARCH_PATHS = (
					"$(inherited)",
					"@executable_path/Frameworks",
					"@loader_path/Frameworks",
				);
				PRODUCT_BUNDLE_IDENTIFIER = Spark.iCheckTests;
				PRODUCT_NAME = "$(TARGET_NAME)";
				SWIFT_VERSION = 5.0;
				TARGETED_DEVICE_FAMILY = "1,2";
				TEST_HOST = "$(BUILT_PRODUCTS_DIR)/iCheck.app/iCheck";
			};
			name = Debug;
		};
		9C7082782567D69500A79D32 /* Release */ = {
			isa = XCBuildConfiguration;
			buildSettings = {
				ALWAYS_EMBED_SWIFT_STANDARD_LIBRARIES = YES;
				BUNDLE_LOADER = "$(TEST_HOST)";
				CODE_SIGN_STYLE = Automatic;
				DEVELOPMENT_TEAM = 34TJ32VGF9;
				INFOPLIST_FILE = iCheckTests/Info.plist;
				IPHONEOS_DEPLOYMENT_TARGET = 14.0;
				LD_RUNPATH_SEARCH_PATHS = (
					"$(inherited)",
					"@executable_path/Frameworks",
					"@loader_path/Frameworks",
				);
				PRODUCT_BUNDLE_IDENTIFIER = Spark.iCheckTests;
				PRODUCT_NAME = "$(TARGET_NAME)";
				SWIFT_VERSION = 5.0;
				TARGETED_DEVICE_FAMILY = "1,2";
				TEST_HOST = "$(BUILT_PRODUCTS_DIR)/iCheck.app/iCheck";
			};
			name = Release;
		};
		9C70827A2567D69500A79D32 /* Debug */ = {
			isa = XCBuildConfiguration;
			buildSettings = {
				ALWAYS_EMBED_SWIFT_STANDARD_LIBRARIES = YES;
				CODE_SIGN_STYLE = Automatic;
				DEVELOPMENT_TEAM = 34TJ32VGF9;
				INFOPLIST_FILE = iCheckUITests/Info.plist;
				LD_RUNPATH_SEARCH_PATHS = (
					"$(inherited)",
					"@executable_path/Frameworks",
					"@loader_path/Frameworks",
				);
				PRODUCT_BUNDLE_IDENTIFIER = Spark.iCheckUITests;
				PRODUCT_NAME = "$(TARGET_NAME)";
				SWIFT_VERSION = 5.0;
				TARGETED_DEVICE_FAMILY = "1,2";
				TEST_TARGET_NAME = iCheck;
			};
			name = Debug;
		};
		9C70827B2567D69500A79D32 /* Release */ = {
			isa = XCBuildConfiguration;
			buildSettings = {
				ALWAYS_EMBED_SWIFT_STANDARD_LIBRARIES = YES;
				CODE_SIGN_STYLE = Automatic;
				DEVELOPMENT_TEAM = 34TJ32VGF9;
				INFOPLIST_FILE = iCheckUITests/Info.plist;
				LD_RUNPATH_SEARCH_PATHS = (
					"$(inherited)",
					"@executable_path/Frameworks",
					"@loader_path/Frameworks",
				);
				PRODUCT_BUNDLE_IDENTIFIER = Spark.iCheckUITests;
				PRODUCT_NAME = "$(TARGET_NAME)";
				SWIFT_VERSION = 5.0;
				TARGETED_DEVICE_FAMILY = "1,2";
				TEST_TARGET_NAME = iCheck;
			};
			name = Release;
		};
/* End XCBuildConfiguration section */

/* Begin XCConfigurationList section */
		9C7082412567D69200A79D32 /* Build configuration list for PBXProject "iCheck" */ = {
			isa = XCConfigurationList;
			buildConfigurations = (
				9C7082712567D69500A79D32 /* Debug */,
				9C7082722567D69500A79D32 /* Release */,
			);
			defaultConfigurationIsVisible = 0;
			defaultConfigurationName = Release;
		};
		9C7082732567D69500A79D32 /* Build configuration list for PBXNativeTarget "iCheck" */ = {
			isa = XCConfigurationList;
			buildConfigurations = (
				9C7082742567D69500A79D32 /* Debug */,
				9C7082752567D69500A79D32 /* Release */,
			);
			defaultConfigurationIsVisible = 0;
			defaultConfigurationName = Release;
		};
		9C7082762567D69500A79D32 /* Build configuration list for PBXNativeTarget "iCheckTests" */ = {
			isa = XCConfigurationList;
			buildConfigurations = (
				9C7082772567D69500A79D32 /* Debug */,
				9C7082782567D69500A79D32 /* Release */,
			);
			defaultConfigurationIsVisible = 0;
			defaultConfigurationName = Release;
		};
		9C7082792567D69500A79D32 /* Build configuration list for PBXNativeTarget "iCheckUITests" */ = {
			isa = XCConfigurationList;
			buildConfigurations = (
				9C70827A2567D69500A79D32 /* Debug */,
				9C70827B2567D69500A79D32 /* Release */,
			);
			defaultConfigurationIsVisible = 0;
			defaultConfigurationName = Release;
		};
/* End XCConfigurationList section */

/* Begin XCVersionGroup section */
		9C7082522567D69200A79D32 /* iCheck.xcdatamodeld */ = {
			isa = XCVersionGroup;
			children = (
				9C7082532567D69200A79D32 /* iCheck.xcdatamodel */,
			);
			currentVersion = 9C7082532567D69200A79D32 /* iCheck.xcdatamodel */;
			path = iCheck.xcdatamodeld;
			sourceTree = "<group>";
			versionGroupType = wrapper.xcdatamodel;
		};
/* End XCVersionGroup section */
	};
	rootObject = 9C70823E2567D69200A79D32 /* Project object */;
}
